
Microsoft Visual Studio Solution File, Format Version 12.00
# Visual Studio 15
VisualStudioVersion = 15.0.28307.489
MinimumVisualStudioVersion = 10.0.40219.1
Project("{FAE04EC0-301F-11D3-BF4B-00C04F79EFBC}") = "ContosoConf", "ContosoConf\ContosoConf.csproj", "{12D25D5B-914D-4851-B5C7-2C32FCDE382F}"
EndProject
Global
	GlobalSection(SolutionConfigurationPlatforms) = preSolution
		Debug|Any CPU = Debug|Any CPU
		Release|Any CPU = Release|Any CPU
	EndGlobalSection
	GlobalSection(ProjectConfigurationPlatforms) = postSolution
		{12D25D5B-914D-4851-B5C7-2C32FCDE382F}.Debug|Any CPU.ActiveCfg = Debug|Any CPU
		{12D25D5B-914D-4851-B5C7-2C32FCDE382F}.Debug|Any CPU.Build.0 = Debug|Any CPU
		{12D25D5B-914D-4851-B5C7-2C32FCDE382F}.Release|Any CPU.ActiveCfg = Release|Any CPU
		{12D25D5B-914D-4851-B5C7-2C32FCDE382F}.Release|Any CPU.Build.0 = Release|Any CPU
	EndGlobalSection
	GlobalSection(SolutionProperties) = preSolution
		HideSolutionNode = FALSE
	EndGlobalSection
	GlobalSection(ExtensibilityGlobals) = postSolution
		SolutionGuid = {3B690B7A-2B05-4B8D-88DE-8D99D0CC3FE0}
	EndGlobalSection
EndGlobal
